{
    "_readme": [
        "This file locks the dependencies of your project to a known state",
        "Read more about it at https://getcomposer.org/doc/01-basic-usage.md#installing-dependencies",
        "This file is @generated automatically"
    ],
    "content-hash": "7ba5049d6d935feb6e5e301470168edd",
    "packages": [
        {
            "name": "suraj/wp-5etup",
            "version": "1.0.3",
            "source": {
                "type": "git",
                "url": "git@github.com:5tack-projects/wp_5etup.git",
                "reference": "a7db74d7e98beb32fb998ec1d81d2dbd57096911"
            },
            "dist": {
                "type": "zip",
                "url": "https://api.github.com/repos/5tack-projects/wp_5etup/zipball/a7db74d7e98beb32fb998ec1d81d2dbd57096911",
                "reference": "a7db74d7e98beb32fb998ec1d81d2dbd57096911",
                "shasum": ""
            },
            "type": "library",
            "description": "Default WordPress stack from Suraj",
            "support": {
                "source": "https://github.com/5tack-projects/wp_5etup/tree/1.0.3",
                "issues": "https://github.com/5tack-projects/wp_5etup/issues"
            },
            "time": "2026-05-13T08:40:10+00:00"
        }
    ],
    "packages-dev": [],
    "aliases": [],
    "minimum-stability": "dev",
    "stability-flags": {},
    "prefer-stable": true,
    "prefer-lowest": false,
    "platform": {},
    "platform-dev": {},
    "plugin-api-version": "2.6.0"
}
